{
  "name": "test",
  "version": "1.0.0",
  "lockfileVersion": 1,
  "requires": true,
  "dependencies": {
    "@types/argparse": {
      "version": "2.0.5",
      "resolved": "https://registry.npmjs.org/@types/argparse/-/argparse-2.0.5.tgz",
      "integrity": "sha512-m0CQ4TzFW+JdAN875vqqNO7H92jnN9hrH0bxEjJStePjfSfBDNgIlH+ieZQvBH9CuSPguFpjEzXcJHqV+fJqOQ=="
    },
    "@types/node": {
      "version": "15.0.2",
      "resolved": "https://registry.npmjs.org/@types/node/-/node-15.0.2.tgz",
      "integrity": "sha512-p68+a+KoxpoB47015IeYZYRrdqMUcpbK8re/zpFB8Ld46LHC1lPEbp3EXgkEhAYEcPvjJF6ZO+869SQ0aH1dcA=="
    },
    "argparse": {
      "version": "2.0.1",
      "resolved": "https://registry.npmjs.org/argparse/-/argparse-2.0.1.tgz",
      "integrity": "sha512-8+9WqebbFzpX9OR+Wa6O29asIogeRMzcGtAINdpMHHyAg10f05aSFVBbcEqGf/PXw1EjAZ+q2/bEBg3DvurK3Q=="
    },
    "node": {
      "version": "16.1.0",
      "resolved": "https://registry.npmjs.org/node/-/node-16.1.0.tgz",
      "integrity": "sha512-VCdVc3JI7WrGFwaentjwZsL936Gbzvi4k4y8pqWvml/7JM98oVY9mCv/WvzpPHr2NyZHXCngTiIa0Y26xufNSA==",
      "requires": {
        "node-bin-setup": "^1.0.0"
      }
    },
    "node-bin-setup": {
      "version": "1.0.6",
      "resolved": "https://registry.npmjs.org/node-bin-setup/-/node-bin-setup-1.0.6.tgz",
      "integrity": "sha512-uPIxXNis1CRbv1DwqAxkgBk5NFV3s7cMN/Gf556jSw6jBvV7ca4F9lRL/8cALcZecRibeqU+5dFYqFFmzv5a0Q=="
    },
    "text-template-parser": {
      "version": "1.0.2",
      "resolved": "https://registry.npmjs.org/text-template-parser/-/text-template-parser-1.0.2.tgz",
      "integrity": "sha512-YMrdfdLOeyGA3GvZ7PMy/rfxzJPJzUx8fEK3hIrKoB8JVZHOw+uajaSljZNVGbrZNbOr27DNnrr9jGaNQ6cF9Q==",
      "requires": {
        "@types/argparse": "^2.0.5",
        "@types/node": "^15.0.2",
        "argparse": "^2.0.1",
        "node": "^16.1.0",
        "typescript": "^4.2.4"
      }
    },
    "typescript": {
      "version": "4.2.4",
      "resolved": "https://registry.npmjs.org/typescript/-/typescript-4.2.4.tgz",
      "integrity": "sha512-V+evlYHZnQkaz8TRBuxTA92yZBPotr5H+WhQ7bD3hZUndx5tGOa1fuCgeSjxAzM1RiN5IzvadIXTVefuuwZCRg=="
    }
  }
}
